# THIS IS AN AUTOGENERATED FILE. DO NOT EDIT THIS FILE DIRECTLY.
# yarn lockfile v1


"@types/jquery@^3.5.16":
  version "3.5.33"
  resolved "https://registry.yarnpkg.com/@types/jquery/-/jquery-3.5.33.tgz#f42f40bac3edd84abdc9f6297d28e570fe463b35"
  integrity sha512-SeyVJXlCZpEki5F0ghuYe+L+PprQta6nRZqhONt9F13dWBtR/ftoaIbdRQ7cis7womE+X2LKhsDdDtkkDhJS6g==
  dependencies:
    "@types/sizzle" "*"

"@types/sizzle@*":
  version "2.3.10"
  resolved "https://registry.yarnpkg.com/@types/sizzle/-/sizzle-2.3.10.tgz#277a542aff6776d8a9b15f2ac682a663e3e94bbd"
  integrity sha512-TC0dmN0K8YcWEAEfiPi5gJP14eJe30TTGjkvek3iM/1NdHHsdCA/Td6GvNndMOo/iSnIsZ4HuuhrYPDAmbxzww==

core-util-is@~1.0.0:
  version "1.0.3"
  resolved "https://registry.yarnpkg.com/core-util-is/-/core-util-is-1.0.3.tgz#a6042d3634c2b27e9328f837b965fac83808db85"
  integrity sha512-ZQBvi1DcpJ4GDqanjucZ2Hj3wEO5pZDS89BWbkcrvdxksJorwUDDZamX9ldFkp9aw2lmBDLgkObEA4DWNJ9FYQ==

datatables.net-buttons-dt@^3.2.3:
  version "3.2.6"
  resolved "https://registry.yarnpkg.com/datatables.net-buttons-dt/-/datatables.net-buttons-dt-3.2.6.tgz#61f25e01edc7e7cfa91291759cf7a4c53a1be401"
  integrity sha512-hYsnMOXz+dcUlQnjj19gOUyEq64VzbhWouQfjZ2rhGf3YPdohQus9nSSDBgmmS6/lt4bhDaRZ3YKYPeIbKunOQ==
  dependencies:
    datatables.net-buttons "3.2.6"
    datatables.net-dt "^2"
    jquery ">=1.7"

datatables.net-buttons@3.2.6:
  version "3.2.6"
  resolved "https://registry.yarnpkg.com/datatables.net-buttons/-/datatables.net-buttons-3.2.6.tgz#dad80c8f28eb18741cec49fb33397073217ca63e"
  integrity sha512-rLqkB3xLIAYwVLt+lUSxybo/1WqveTAxhQm6wj6yvXlJiWq+oJ8MKW6H1q90QrXbNp0fGngnfD0cmpMZnNnnNw==
  dependencies:
    datatables.net "^2"
    jquery ">=1.7"

datatables.net-dt@^2, datatables.net-dt@^2.3.0:
  version "2.3.6"
  resolved "https://registry.yarnpkg.com/datatables.net-dt/-/datatables.net-dt-2.3.6.tgz#cc0f2eff85136e6b8b5b5bc2175f07f2e872ef2a"
  integrity sha512-8OEUNCEfkeW+TuVUDlT1q6/XXOitgVzCdNqBivw8bK9DnaNk5F6JjT8lE2pQ4uAfoL/dTy2J+HKxTHeTh8HJlg==
  dependencies:
    datatables.net "2.3.6"
    jquery ">=1.7"

datatables.net-plugins@^2.3.0:
  version "2.3.6"
  resolved "https://registry.yarnpkg.com/datatables.net-plugins/-/datatables.net-plugins-2.3.6.tgz#c7809797bebc272e1dbecbab1f55ed9d4710eadf"
  integrity sha512-x32KOhw1apu8bLD7GP1/SS86waVEv59DxosLHmXbsRdf7GxXvSULHfo73XKp4gQaD8Q3f7ReM+kRM5r6lK3hGg==
  dependencies:
    "@types/jquery" "^3.5.16"
    datatables.net "^2.0.8"

datatables.net-responsive-dt@^3.0.4:
  version "3.0.7"
  resolved "https://registry.yarnpkg.com/datatables.net-responsive-dt/-/datatables.net-responsive-dt-3.0.7.tgz#adf79a6359ce375a8630f4190f34e0caa5ba20c9"
  integrity sha512-YTIVl4F6z+Rgk3v6z3oQWYc61Psu5dskIQTByUUEOK6Glqm7ybOq9vSfr+7xd7BjgUyduDC+9qRRpKPiQn6uXQ==
  dependencies:
    datatables.net-dt "^2"
    datatables.net-responsive "3.0.7"
    jquery ">=1.7"

datatables.net-responsive@3.0.7:
  version "3.0.7"
  resolved "https://registry.yarnpkg.com/datatables.net-responsive/-/datatables.net-responsive-3.0.7.tgz#7b57574bcfba105dc0827b77ec75b72b63e461fb"
  integrity sha512-MngWU41M1LDDMjKFJ3rAHc4Zb3QhOysDTh+TfKE1ycrh5dpnKa1vobw2MKMMbvbx4q05OXZY9jtLSPIkaJRsuw==
  dependencies:
    datatables.net "^2"
    jquery ">=1.7"

datatables.net-select-dt@^3.0.0:
  version "3.1.3"
  resolved "https://registry.yarnpkg.com/datatables.net-select-dt/-/datatables.net-select-dt-3.1.3.tgz#749792d8659e11568f75cdd5264bfdd107b66d4e"
  integrity sha512-g/3gCXmYhyR0j0qq5gqGzJLZbCSVRFd2HGHyUYtfJwjaFyubEYKvB3G+1+uX1sYpeqhHPcSrAKzi1D/2mW1v+Q==
  dependencies:
    datatables.net-dt "^2"
    datatables.net-select "3.1.3"
    jquery ">=1.7"

datatables.net-select@3.1.3:
  version "3.1.3"
  resolved "https://registry.yarnpkg.com/datatables.net-select/-/datatables.net-select-3.1.3.tgz#c872bad630010b27069cd7530411e12be7cf6495"
  integrity sha512-IzikFqvYshnuPZVRi/xBvPcSMBNqzhzh9VGO0DtzsOU4w5uBLN/z9dOqAEUUJk1v6qkMOnBMg5NE/35cbdhPeQ==
  dependencies:
    datatables.net "^2"
    jquery ">=1.7"

datatables.net@2.3.6, datatables.net@^2, datatables.net@^2.0.8:
  version "2.3.6"
  resolved "https://registry.yarnpkg.com/datatables.net/-/datatables.net-2.3.6.tgz#a11be57a2b50d7231cae2980a8ff1df3c18b7b17"
  integrity sha512-xQ/dCxrjfxM0XY70wSIzakkTZ6ghERwlLmAPyCnu8Sk5cyt9YvOVyOsFNOa/BZ/lM63Q3i2YSSvp/o7GXZGsbg==
  dependencies:
    jquery ">=1.7"

immediate@~3.0.5:
  version "3.0.6"
  resolved "https://registry.yarnpkg.com/immediate/-/immediate-3.0.6.tgz#9db1dbd0faf8de6fbe0f5dd5e56bb606280de69b"
  integrity sha512-XXOFtyqDjNDAQxVfYxuF7g9Il/IbWmmlQg2MYKOH8ExIT1qg6xc4zyS3HaEEATgs1btfzxq15ciUiY7gjSXRGQ==

inherits@~2.0.3:
  version "2.0.4"
  resolved "https://registry.yarnpkg.com/inherits/-/inherits-2.0.4.tgz#0fa2c64f932917c3433a0ded55363aae37416b7c"
  integrity sha512-k/vGaX4/Yla3WzyMCvTQOXYeIHvqOKtnqBduzTHpzpQZzAskKMhZ2K+EnBiSM9zGSoIFeMpXKxa4dYeZIQqewQ==

isarray@~1.0.0:
  version "1.0.0"
  resolved "https://registry.yarnpkg.com/isarray/-/isarray-1.0.0.tgz#bb935d48582cba168c06834957a54a3e07124f11"
  integrity sha512-VLghIWNM6ELQzo7zwmcg0NmTVyWKYjvIeM83yjp0wRDTmUnrM678fQbcKBo6n2CJEF0szoG//ytg+TKla89ALQ==

jquery@>=1.7, jquery@^3.7.1:
  version "3.7.1"
  resolved "https://registry.yarnpkg.com/jquery/-/jquery-3.7.1.tgz#083ef98927c9a6a74d05a6af02806566d16274de"
  integrity sha512-m4avr8yL8kmFN8psrbFFFmB/If14iN5o9nw/NgnnM+kybDJpRsAynV2BsfpTYrTRysYUdADVD7CkUUizgkpLfg==

jszip@^3.10.1:
  version "3.10.1"
  resolved "https://registry.yarnpkg.com/jszip/-/jszip-3.10.1.tgz#34aee70eb18ea1faec2f589208a157d1feb091c2"
  integrity sha512-xXDvecyTpGLrqFrvkrUSoxxfJI5AH7U8zxxtVclpsUtMCq4JQ290LY8AW5c7Ggnr/Y/oK+bQMbqK2qmtk3pN4g==
  dependencies:
    lie "~3.3.0"
    pako "~1.0.2"
    readable-stream "~2.3.6"
    setimmediate "^1.0.5"

lie@~3.3.0:
  version "3.3.0"
  resolved "https://registry.yarnpkg.com/lie/-/lie-3.3.0.tgz#dcf82dee545f46074daf200c7c1c5a08e0f40f6a"
  integrity sha512-UaiMJzeWRlEujzAuw5LokY1L5ecNQYZKfmyZ9L7wDHb/p5etKaxXhohBcrw0EYby+G/NA52vRSN4N39dxHAIwQ==
  dependencies:
    immediate "~3.0.5"

pako@~1.0.2:
  version "1.0.11"
  resolved "https://registry.yarnpkg.com/pako/-/pako-1.0.11.tgz#6c9599d340d54dfd3946380252a35705a6b992bf"
  integrity sha512-4hLB8Py4zZce5s4yd9XzopqwVv/yGNhV1Bl8NTmCq1763HeK2+EwVTv+leGeL13Dnh2wfbqowVPXCIO0z4taYw==

process-nextick-args@~2.0.0:
  version "2.0.1"
  resolved "https://registry.yarnpkg.com/process-nextick-args/-/process-nextick-args-2.0.1.tgz#7820d9b16120cc55ca9ae7792680ae7dba6d7fe2"
  integrity sha512-3ouUOpQhtgrbOa17J7+uxOTpITYWaGP7/AhoR3+A+/1e9skrzelGi/dXzEYyvbxubEF6Wn2ypscTKiKJFFn1ag==

readable-stream@~2.3.6:
  version "2.3.8"
  resolved "https://registry.yarnpkg.com/readable-stream/-/readable-stream-2.3.8.tgz#91125e8042bba1b9887f49345f6277027ce8be9b"
  integrity sha512-8p0AUk4XODgIewSi0l8Epjs+EVnWiK7NoDIEGU0HhE7+ZyY8D1IMY7odu5lRrFXGg71L15KG8QrPmum45RTtdA==
  dependencies:
    core-util-is "~1.0.0"
    inherits "~2.0.3"
    isarray "~1.0.0"
    process-nextick-args "~2.0.0"
    safe-buffer "~5.1.1"
    string_decoder "~1.1.1"
    util-deprecate "~1.0.1"

safe-buffer@~5.1.0, safe-buffer@~5.1.1:
  version "5.1.2"
  resolved "https://registry.yarnpkg.com/safe-buffer/-/safe-buffer-5.1.2.tgz#991ec69d296e0313747d59bdfd2b745c35f8828d"
  integrity sha512-Gd2UZBJDkXlY7GbJxfsE8/nvKkUEU1G38c1siN6QP6a9PT9MmHB8GnpscSmMJSoF8LOIrt8ud/wPtojys4G6+g==

setimmediate@^1.0.5:
  version "1.0.5"
  resolved "https://registry.yarnpkg.com/setimmediate/-/setimmediate-1.0.5.tgz#290cbb232e306942d7d7ea9b83732ab7856f8285"
  integrity sha512-MATJdZp8sLqDl/68LfQmbP8zKPLQNV6BIZoIgrscFDQ+RsvK/BxeDQOgyxKKoh0y/8h3BqVFnCqQ/gd+reiIXA==

string_decoder@~1.1.1:
  version "1.1.1"
  resolved "https://registry.yarnpkg.com/string_decoder/-/string_decoder-1.1.1.tgz#9cf1611ba62685d7030ae9e4ba34149c3af03fc8"
  integrity sha512-n/ShnvDi6FHbbVfviro+WojiFzv+s8MPMHBczVePfUpDJLwoLT0ht1l4YwBCbi8pJAveEEdnkHyPyTP/mzRfwg==
  dependencies:
    safe-buffer "~5.1.0"

util-deprecate@~1.0.1:
  version "1.0.2"
  resolved "https://registry.yarnpkg.com/util-deprecate/-/util-deprecate-1.0.2.tgz#450d4dc9fa70de732762fbd2d4a28981419a0ccf"
  integrity sha512-EPD5q1uXyFxJpCrLnCc1nHnq3gOa6DZBocAIiI2TaSCA7VCJ1UJDMagCzIkXNsUYfD1daK//LTEQ8xiIbrHtcw==
